
Microsoft Visual Studio Solution File, Format Version 12.00
# Visual Studio 15
VisualStudioVersion = 15.0.27703.2042
MinimumVisualStudioVersion = 10.0.40219.1
Project("{9A19103F-16F7-4668-BE54-9A1E7A4F7556}") = "ChatApi", "ChatServer\ChatApi.csproj", "{D1B7CFDC-E599-490E-B587-754FBF684FE4}"
EndProject
Project("{9A19103F-16F7-4668-BE54-9A1E7A4F7556}") = "ChatClient", "ChatClient\ChatClient.csproj", "{B57C541C-8C7F-4A3E-B043-611CACE4892A}"
EndProject
Project("{9A19103F-16F7-4668-BE54-9A1E7A4F7556}") = "IdentityServerAPI", "IdentityServerAPI\IdentityServerAPI.csproj", "{776A0BCA-3009-4285-A259-C3FCAA4F482D}"
EndProject
Project("{9A19103F-16F7-4668-BE54-9A1E7A4F7556}") = "ChatIdentityServer", "ChatIdentityServer\ChatIdentityServer.csproj", "{0389A996-3C23-489F-B485-7D5DE214B575}"
EndProject
Project("{FAE04EC0-301F-11D3-BF4B-00C04F79EFBC}") = "AspIdentity", "AspIdentity\AspIdentity.csproj", "{EDA8FC9B-8581-423F-9BA5-487C59051DA0}"
EndProject
Global
	GlobalSection(SolutionConfigurationPlatforms) = preSolution
		Debug|Any CPU = Debug|Any CPU
		Release|Any CPU = Release|Any CPU
	EndGlobalSection
	GlobalSection(ProjectConfigurationPlatforms) = postSolution
		{D1B7CFDC-E599-490E-B587-754FBF684FE4}.Debug|Any CPU.ActiveCfg = Debug|Any CPU
		{D1B7CFDC-E599-490E-B587-754FBF684FE4}.Debug|Any CPU.Build.0 = Debug|Any CPU
		{D1B7CFDC-E599-490E-B587-754FBF684FE4}.Release|Any CPU.ActiveCfg = Release|Any CPU
		{D1B7CFDC-E599-490E-B587-754FBF684FE4}.Release|Any CPU.Build.0 = Release|Any CPU
		{B57C541C-8C7F-4A3E-B043-611CACE4892A}.Debug|Any CPU.ActiveCfg = Debug|Any CPU
		{B57C541C-8C7F-4A3E-B043-611CACE4892A}.Debug|Any CPU.Build.0 = Debug|Any CPU
		{B57C541C-8C7F-4A3E-B043-611CACE4892A}.Release|Any CPU.ActiveCfg = Release|Any CPU
		{B57C541C-8C7F-4A3E-B043-611CACE4892A}.Release|Any CPU.Build.0 = Release|Any CPU
		{776A0BCA-3009-4285-A259-C3FCAA4F482D}.Debug|Any CPU.ActiveCfg = Debug|Any CPU
		{776A0BCA-3009-4285-A259-C3FCAA4F482D}.Debug|Any CPU.Build.0 = Debug|Any CPU
		{776A0BCA-3009-4285-A259-C3FCAA4F482D}.Release|Any CPU.ActiveCfg = Release|Any CPU
		{776A0BCA-3009-4285-A259-C3FCAA4F482D}.Release|Any CPU.Build.0 = Release|Any CPU
		{0389A996-3C23-489F-B485-7D5DE214B575}.Debug|Any CPU.ActiveCfg = Debug|Any CPU
		{0389A996-3C23-489F-B485-7D5DE214B575}.Debug|Any CPU.Build.0 = Debug|Any CPU
		{0389A996-3C23-489F-B485-7D5DE214B575}.Release|Any CPU.ActiveCfg = Release|Any CPU
		{0389A996-3C23-489F-B485-7D5DE214B575}.Release|Any CPU.Build.0 = Release|Any CPU
		{EDA8FC9B-8581-423F-9BA5-487C59051DA0}.Debug|Any CPU.ActiveCfg = Debug|Any CPU
		{EDA8FC9B-8581-423F-9BA5-487C59051DA0}.Debug|Any CPU.Build.0 = Debug|Any CPU
		{EDA8FC9B-8581-423F-9BA5-487C59051DA0}.Release|Any CPU.ActiveCfg = Release|Any CPU
		{EDA8FC9B-8581-423F-9BA5-487C59051DA0}.Release|Any CPU.Build.0 = Release|Any CPU
	EndGlobalSection
	GlobalSection(SolutionProperties) = preSolution
		HideSolutionNode = FALSE
	EndGlobalSection
	GlobalSection(ExtensibilityGlobals) = postSolution
		SolutionGuid = {EF3DBDDF-85CA-430C-85D8-15A384DC3FA6}
	EndGlobalSection
EndGlobal
